
Microsoft Visual Studio Solution File, Format Version 12.00
# Visual Studio 15
VisualStudioVersion = 15.0.28307.1500
MinimumVisualStudioVersion = 10.0.40219.1
Project("{8BC9CEB8-8B4A-11D0-8D11-00A0C91BC942}") = "TTT_Core", "TTT_Core\TTT_Core.vcxproj", "{B87FE5FE-E451-434A-8F2A-A012DE42445F}"
EndProject
Project("{8BC9CEB8-8B4A-11D0-8D11-00A0C91BC942}") = "TTT_Server", "TTT_Server\TTT_Server.vcxproj", "{FD815913-61A3-4B45-97DB-B159A1E379E7}"
EndProject
Project("{8BC9CEB8-8B4A-11D0-8D11-00A0C91BC942}") = "TTT_Client", "TTT_Client\TTT_Client.vcxproj", "{3505DFE3-9EB4-4BAF-9CAF-D88B9FAEC13D}"
EndProject
Project("{2150E333-8FDC-42A3-9474-1A3956D46DE8}") = "Tests", "Tests", "{5EDF5D52-6CF2-4674-8FC2-DF15401629ED}"
EndProject
Project("{8BC9CEB8-8B4A-11D0-8D11-00A0C91BC942}") = "TTT_Core.UnitTests", "TTT_Core.UnitTests\TTT_Core.UnitTests.vcxproj", "{E6AAFD89-E980-4255-A65A-A52C31B53E33}"
EndProject
Project("{2150E333-8FDC-42A3-9474-1A3956D46DE8}") = "Solution Items", "Solution Items", "{A2FA97E2-4B0A-4FAD-87C5-4A5121A4490B}"
	ProjectSection(SolutionItems) = preProject
		.editorconfig = .editorconfig
	EndProjectSection
EndProject
Global
	GlobalSection(SolutionConfigurationPlatforms) = preSolution
		Debug|x64 = Debug|x64
		Debug|x86 = Debug|x86
		Release|x64 = Release|x64
		Release|x86 = Release|x86
	EndGlobalSection
	GlobalSection(ProjectConfigurationPlatforms) = postSolution
		{B87FE5FE-E451-434A-8F2A-A012DE42445F}.Debug|x64.ActiveCfg = Debug|x64
		{B87FE5FE-E451-434A-8F2A-A012DE42445F}.Debug|x64.Build.0 = Debug|x64
		{B87FE5FE-E451-434A-8F2A-A012DE42445F}.Debug|x86.ActiveCfg = Debug|Win32
		{B87FE5FE-E451-434A-8F2A-A012DE42445F}.Debug|x86.Build.0 = Debug|Win32
		{B87FE5FE-E451-434A-8F2A-A012DE42445F}.Release|x64.ActiveCfg = Release|x64
		{B87FE5FE-E451-434A-8F2A-A012DE42445F}.Release|x64.Build.0 = Release|x64
		{B87FE5FE-E451-434A-8F2A-A012DE42445F}.Release|x86.ActiveCfg = Release|Win32
		{B87FE5FE-E451-434A-8F2A-A012DE42445F}.Release|x86.Build.0 = Release|Win32
		{FD815913-61A3-4B45-97DB-B159A1E379E7}.Debug|x64.ActiveCfg = Debug|x64
		{FD815913-61A3-4B45-97DB-B159A1E379E7}.Debug|x64.Build.0 = Debug|x64
		{FD815913-61A3-4B45-97DB-B159A1E379E7}.Debug|x86.ActiveCfg = Debug|Win32
		{FD815913-61A3-4B45-97DB-B159A1E379E7}.Debug|x86.Build.0 = Debug|Win32
		{FD815913-61A3-4B45-97DB-B159A1E379E7}.Release|x64.ActiveCfg = Release|x64
		{FD815913-61A3-4B45-97DB-B159A1E379E7}.Release|x64.Build.0 = Release|x64
		{FD815913-61A3-4B45-97DB-B159A1E379E7}.Release|x86.ActiveCfg = Release|Win32
		{FD815913-61A3-4B45-97DB-B159A1E379E7}.Release|x86.Build.0 = Release|Win32
		{3505DFE3-9EB4-4BAF-9CAF-D88B9FAEC13D}.Debug|x64.ActiveCfg = Debug|x64
		{3505DFE3-9EB4-4BAF-9CAF-D88B9FAEC13D}.Debug|x64.Build.0 = Debug|x64
		{3505DFE3-9EB4-4BAF-9CAF-D88B9FAEC13D}.Debug|x86.ActiveCfg = Debug|Win32
		{3505DFE3-9EB4-4BAF-9CAF-D88B9FAEC13D}.Debug|x86.Build.0 = Debug|Win32
		{3505DFE3-9EB4-4BAF-9CAF-D88B9FAEC13D}.Release|x64.ActiveCfg = Release|x64
		{3505DFE3-9EB4-4BAF-9CAF-D88B9FAEC13D}.Release|x64.Build.0 = Release|x64
		{3505DFE3-9EB4-4BAF-9CAF-D88B9FAEC13D}.Release|x86.ActiveCfg = Release|Win32
		{3505DFE3-9EB4-4BAF-9CAF-D88B9FAEC13D}.Release|x86.Build.0 = Release|Win32
		{E6AAFD89-E980-4255-A65A-A52C31B53E33}.Debug|x64.ActiveCfg = Debug|x64
		{E6AAFD89-E980-4255-A65A-A52C31B53E33}.Debug|x64.Build.0 = Debug|x64
		{E6AAFD89-E980-4255-A65A-A52C31B53E33}.Debug|x86.ActiveCfg = Debug|Win32
		{E6AAFD89-E980-4255-A65A-A52C31B53E33}.Debug|x86.Build.0 = Debug|Win32
		{E6AAFD89-E980-4255-A65A-A52C31B53E33}.Release|x64.ActiveCfg = Release|x64
		{E6AAFD89-E980-4255-A65A-A52C31B53E33}.Release|x64.Build.0 = Release|x64
		{E6AAFD89-E980-4255-A65A-A52C31B53E33}.Release|x86.ActiveCfg = Release|Win32
		{E6AAFD89-E980-4255-A65A-A52C31B53E33}.Release|x86.Build.0 = Release|Win32
	EndGlobalSection
	GlobalSection(SolutionProperties) = preSolution
		HideSolutionNode = FALSE
	EndGlobalSection
	GlobalSection(NestedProjects) = preSolution
		{E6AAFD89-E980-4255-A65A-A52C31B53E33} = {5EDF5D52-6CF2-4674-8FC2-DF15401629ED}
	EndGlobalSection
	GlobalSection(ExtensibilityGlobals) = postSolution
		SolutionGuid = {EE5124D3-DF1F-46C7-A603-05E06BA82F70}
	EndGlobalSection
EndGlobal
